
Microsoft Visual Studio Solution File, Format Version 12.00
# Visual Studio 15
VisualStudioVersion = 15.0.27703.2000
MinimumVisualStudioVersion = 10.0.40219.1
Project("{FAE04EC0-301F-11D3-BF4B-00C04F79EFBC}") = "WindowsFormsApp1", "WindowsFormsApp1\WindowsFormsApp1.csproj", "{BA68415A-1CB5-469F-81FE-34B7D46FDD90}"
EndProject
Global
	GlobalSection(SolutionConfigurationPlatforms) = preSolution
		Debug|Any CPU = Debug|Any CPU
		Release|Any CPU = Release|Any CPU
	EndGlobalSection
	GlobalSection(ProjectConfigurationPlatforms) = postSolution
		{BA68415A-1CB5-469F-81FE-34B7D46FDD90}.Debug|Any CPU.ActiveCfg = Debug|Any CPU
		{BA68415A-1CB5-469F-81FE-34B7D46FDD90}.Debug|Any CPU.Build.0 = Debug|Any CPU
		{BA68415A-1CB5-469F-81FE-34B7D46FDD90}.Release|Any CPU.ActiveCfg = Release|Any CPU
		{BA68415A-1CB5-469F-81FE-34B7D46FDD90}.Release|Any CPU.Build.0 = Release|Any CPU
	EndGlobalSection
	GlobalSection(SolutionProperties) = preSolution
		HideSolutionNode = FALSE
	EndGlobalSection
	GlobalSection(ExtensibilityGlobals) = postSolution
		SolutionGuid = {5769A904-AEA1-4554-B357-29D5066A061F}
	EndGlobalSection
EndGlobal
